
Microsoft Visual Studio Solution File, Format Version 12.00
# Visual Studio 15
VisualStudioVersion = 15.0.27004.2010
MinimumVisualStudioVersion = 10.0.40219.1
Project("{FAE04EC0-301F-11D3-BF4B-00C04F79EFBC}") = "apperger", "apperger\apperger.csproj", "{AE34C9B4-AA3C-4413-B98C-32A93722CA80}"
EndProject
Project("{FAE04EC0-301F-11D3-BF4B-00C04F79EFBC}") = "modelo", "modelo\modelo.csproj", "{DF954E05-CEE8-4B1E-B24A-DB2E7EBF0259}"
EndProject
Project("{FAE04EC0-301F-11D3-BF4B-00C04F79EFBC}") = "Logica", "Logica\Logica.csproj", "{CDF4598F-A375-4AD2-8BD7-73E4C927AD1B}"
EndProject
Global
	GlobalSection(SolutionConfigurationPlatforms) = preSolution
		Debug|Any CPU = Debug|Any CPU
		Release|Any CPU = Release|Any CPU
	EndGlobalSection
	GlobalSection(ProjectConfigurationPlatforms) = postSolution
		{AE34C9B4-AA3C-4413-B98C-32A93722CA80}.Debug|Any CPU.ActiveCfg = Debug|Any CPU
		{AE34C9B4-AA3C-4413-B98C-32A93722CA80}.Debug|Any CPU.Build.0 = Debug|Any CPU
		{AE34C9B4-AA3C-4413-B98C-32A93722CA80}.Release|Any CPU.ActiveCfg = Release|Any CPU
		{AE34C9B4-AA3C-4413-B98C-32A93722CA80}.Release|Any CPU.Build.0 = Release|Any CPU
		{DF954E05-CEE8-4B1E-B24A-DB2E7EBF0259}.Debug|Any CPU.ActiveCfg = Debug|Any CPU
		{DF954E05-CEE8-4B1E-B24A-DB2E7EBF0259}.Debug|Any CPU.Build.0 = Debug|Any CPU
		{DF954E05-CEE8-4B1E-B24A-DB2E7EBF0259}.Release|Any CPU.ActiveCfg = Release|Any CPU
		{DF954E05-CEE8-4B1E-B24A-DB2E7EBF0259}.Release|Any CPU.Build.0 = Release|Any CPU
		{CDF4598F-A375-4AD2-8BD7-73E4C927AD1B}.Debug|Any CPU.ActiveCfg = Debug|Any CPU
		{CDF4598F-A375-4AD2-8BD7-73E4C927AD1B}.Debug|Any CPU.Build.0 = Debug|Any CPU
		{CDF4598F-A375-4AD2-8BD7-73E4C927AD1B}.Release|Any CPU.ActiveCfg = Release|Any CPU
		{CDF4598F-A375-4AD2-8BD7-73E4C927AD1B}.Release|Any CPU.Build.0 = Release|Any CPU
	EndGlobalSection
	GlobalSection(SolutionProperties) = preSolution
		HideSolutionNode = FALSE
	EndGlobalSection
	GlobalSection(ExtensibilityGlobals) = postSolution
		SolutionGuid = {59CF12C2-D829-4346-9F13-943BBBEB6A5D}
	EndGlobalSection
EndGlobal
